{"is_source_file": false, "format": "", "description": "", "external_files": [], "external_methods": [], "published": [], "classes": [], "methods": [], "calls": [], "search-terms": [], "state": 2, "file_id": 2, "knowledge_revision": 20, "git_revision": "6fc185b28d7e4185ebbb3d5b2e2cefefe42afab6", "filename": "/home/kavia/workspace/code-generation/bookbazaar-12144-12149/book_bazaar/post_process_status.lock", "hash": "9c4ed7ef73e22b872b8055bec08b8979", "format-version": 4, "code-base-name": "default", "revision_history": [{"20": "6fc185b28d7e4185ebbb3d5b2e2cefefe42afab6"}]}